Microsoft Visual Studio Solution File, Format Version 12.00
# Visual Studio Version 17
VisualStudioVersion = 17.0.31903.59
MinimumVisualStudioVersion = 10.0.40219.1
Project("{9A19103F-16F7-4668-BE54-9A1E7A4F7556}") = "RelayBoxMatcher.Core", "src\RelayBoxMatcher.Core\RelayBoxMatcher.Core.csproj", "{46CDD7A1-98C0-4F42-A11D-6CF5CE3A00C3}"
EndProject
Project("{9A19103F-16F7-4668-BE54-9A1E7A4F7556}") = "RelayBoxMatcher.App", "src\RelayBoxMatcher.App\RelayBoxMatcher.App.csproj", "{127159BC-EBB3-476B-93D3-C5A07D291296}"
EndProject
Global
	GlobalSection(SolutionConfigurationPlatforms) = preSolution
		Debug|Any CPU = Debug|Any CPU
		Release|Any CPU = Release|Any CPU
	EndGlobalSection
	GlobalSection(ProjectConfigurationPlatforms) = postSolution
		{46CDD7A1-98C0-4F42-A11D-6CF5CE3A00C3}.Debug|Any CPU.ActiveCfg = Debug|Any CPU
		{46CDD7A1-98C0-4F42-A11D-6CF5CE3A00C3}.Debug|Any CPU.Build.0 = Debug|Any CPU
		{46CDD7A1-98C0-4F42-A11D-6CF5CE3A00C3}.Release|Any CPU.ActiveCfg = Release|Any CPU
		{46CDD7A1-98C0-4F42-A11D-6CF5CE3A00C3}.Release|Any CPU.Build.0 = Release|Any CPU
		{127159BC-EBB3-476B-93D3-C5A07D291296}.Debug|Any CPU.ActiveCfg = Debug|Any CPU
		{127159BC-EBB3-476B-93D3-C5A07D291296}.Debug|Any CPU.Build.0 = Debug|Any CPU
		{127159BC-EBB3-476B-93D3-C5A07D291296}.Release|Any CPU.ActiveCfg = Release|Any CPU
		{127159BC-EBB3-476B-93D3-C5A07D291296}.Release|Any CPU.Build.0 = Release|Any CPU
	EndGlobalSection
	GlobalSection(SolutionProperties) = preSolution
		HideSolutionNode = FALSE
	EndGlobalSection
	GlobalSection(ExtensibilityGlobals) = postSolution
		SolutionGuid = {B6BF587A-CC68-45C2-9777-96AB7E3E5F10}
	EndGlobalSection
EndGlobal
